PODS:
  - Flutter (1.0.0)
  - ondato_flutter (0.0.1):
    - Flutter
    - OndatoSDKiOS (= 1.6.8)
  - OndatoSDKiOS (1.6.8)

DEPENDENCIES:
  - Flutter (from `Flutter`)
  - ondato_flutter (from `.symlinks/plugins/ondato_flutter/ios`)
  - "OndatoSDKiOS (from `git@github.com:ondato/ondato-sdk-ios.git`, tag `1.6.8`)"

EXTERNAL SOURCES:
  Flutter:
    :path: Flutter
  ondato_flutter:
    :path: ".symlinks/plugins/ondato_flutter/ios"
  OndatoSDKiOS:
    :git: "git@github.com:ondato/ondato-sdk-ios.git"
    :tag: 1.6.8

CHECKOUT OPTIONS:
  OndatoSDKiOS:
    :git: "git@github.com:ondato/ondato-sdk-ios.git"
    :tag: 1.6.8

SPEC CHECKSUMS:
  Flutter: 434fef37c0980e73bb6479ef766c45957d4b510c
  ondato_flutter: 590aaeba7f01e674a656f298d4d58f1aa2a6198a
  OndatoSDKiOS: 060efd527cd41cbed0ec62f4c02aab30c57b6399

PODFILE CHECKSUM: 4db3b35e20c4ef84f0158aebee18c28820d3f24b

COCOAPODS: 1.10.1
