PODS:
  - Flutter (1.0.0)
  - ondato_flutter (0.0.1):
    - Flutter
    - OndatoSDK (~> 2.1.5)
  - OndatoSDK (2.1.5)

DEPENDENCIES:
  - Flutter (from `Flutter`)
  - ondato_flutter (from `.symlinks/plugins/ondato_flutter/ios`)

SPEC REPOS:
  trunk:
    - OndatoSDK

EXTERNAL SOURCES:
  Flutter:
    :path: Flutter
  ondato_flutter:
    :path: ".symlinks/plugins/ondato_flutter/ios"

SPEC CHECKSUMS:
  Flutter: f04841e97a9d0b0a8025694d0796dd46242b2854
  ondato_flutter: 34e5a2d25edcdcdeae604eea1922d5a6a14b51e9
  OndatoSDK: 404a02e2a444cdc1c702aa8dbc91b508b4e0a57f

PODFILE CHECKSUM: cc1f88378b4bfcf93a6ce00d2c587857c6008d3b

COCOAPODS: 1.11.3
