PODS:
  - Flutter (1.0.0)
  - lottie-ios (4.6.1)
  - ondato_flutter_document_autoresolver (3.6.0):
    - Flutter
    - OndatoAutocapture (= 3.6.0)
  - ondato_flutter_nfc_reader (3.6.0):
    - Flutter
    - OndatoNFC (= 3.6.0)
  - ondato_flutter_screen_recorder (3.6.0):
    - Flutter
    - OndatoScreenRecorder (= 3.6.0)
  - ondato_flutter_sdk (3.6.0):
    - Flutter
    - lottie-ios (= 4.6.1)
    - OndatoSDK-Core (= 3.6.0)
  - OndatoAutocapture (3.6.0)
  - OndatoNFC (3.6.0)
  - OndatoScreenRecorder (3.6.0)
  - OndatoSDK-Core (3.6.0)

DEPENDENCIES:
  - Flutter (from `Flutter`)
  - ondato_flutter_document_autoresolver (from `.symlinks/plugins/ondato_flutter_document_autoresolver/ios`)
  - ondato_flutter_nfc_reader (from `.symlinks/plugins/ondato_flutter_nfc_reader/ios`)
  - ondato_flutter_screen_recorder (from `.symlinks/plugins/ondato_flutter_screen_recorder/ios`)
  - ondato_flutter_sdk (from `.symlinks/plugins/ondato_flutter_sdk/ios`)

SPEC REPOS:
  trunk:
    - lottie-ios
    - OndatoAutocapture
    - OndatoNFC
    - OndatoScreenRecorder
    - OndatoSDK-Core

EXTERNAL SOURCES:
  Flutter:
    :path: Flutter
  ondato_flutter_document_autoresolver:
    :path: ".symlinks/plugins/ondato_flutter_document_autoresolver/ios"
  ondato_flutter_nfc_reader:
    :path: ".symlinks/plugins/ondato_flutter_nfc_reader/ios"
  ondato_flutter_screen_recorder:
    :path: ".symlinks/plugins/ondato_flutter_screen_recorder/ios"
  ondato_flutter_sdk:
    :path: ".symlinks/plugins/ondato_flutter_sdk/ios"

SPEC CHECKSUMS:
  Flutter: 71a624a5bc0c04062bf19101d501e466baf2fb47
  lottie-ios: 6467ca7035120c5b0e0acee58bb679cf15875686
  ondato_flutter_document_autoresolver: 4f98ee890ff6611d530106bba757fde9a72e35d1
  ondato_flutter_nfc_reader: 22d644de3154a714c154cdca9f390a6d4e8d289b
  ondato_flutter_screen_recorder: b6e67f4c2357aeae3b3ef6fba3dcdf20d65cc5aa
  ondato_flutter_sdk: 00c5179e46c6d9ea9f9f6c0edf502adcdd917d60
  OndatoAutocapture: 6cb3bbe4606323586263f3ba2c292487033f35d5
  OndatoNFC: 7c893e0a2fba5818961979922ff3676adf46c271
  OndatoScreenRecorder: 224150edc9c62415a61a7df899c4996f2b80542c
  OndatoSDK-Core: e10d2edbc8a120b3a242643213c123faa35e4d37

PODFILE CHECKSUM: 24d6b503bbe7f5078229e8cfdd0e8fe4775aff25

COCOAPODS: 1.16.2
